
Microsoft Visual Studio Solution File, Format Version 12.00
# Visual Studio Version 16
VisualStudioVersion = 16.0.31129.286
MinimumVisualStudioVersion = 10.0.40219.1
Project("{9A19103F-16F7-4668-BE54-9A1E7A4F7556}") = "CfStreamUploader.Presentation", "CfStreamUploader.Presentation\CfStreamUploader.Presentation.csproj", "{ACDD6C11-43FD-4CE2-892C-AFCCED947CCB}"
EndProject
Project("{FAE04EC0-301F-11D3-BF4B-00C04F79EFBC}") = "CfStreamUploader.Core", "CfStreamUploader.Core\CfStreamUploader.Core.csproj", "{700161AD-5A39-416C-9AB6-3247FDC2721A}"
EndProject
Global
	GlobalSection(SolutionConfigurationPlatforms) = preSolution
		Debug|Any CPU = Debug|Any CPU
		Release|Any CPU = Release|Any CPU
	EndGlobalSection
	GlobalSection(ProjectConfigurationPlatforms) = postSolution
		{ACDD6C11-43FD-4CE2-892C-AFCCED947CCB}.Debug|Any CPU.ActiveCfg = Debug|Any CPU
		{ACDD6C11-43FD-4CE2-892C-AFCCED947CCB}.Debug|Any CPU.Build.0 = Debug|Any CPU
		{ACDD6C11-43FD-4CE2-892C-AFCCED947CCB}.Release|Any CPU.ActiveCfg = Release|Any CPU
		{ACDD6C11-43FD-4CE2-892C-AFCCED947CCB}.Release|Any CPU.Build.0 = Release|Any CPU
		{700161AD-5A39-416C-9AB6-3247FDC2721A}.Debug|Any CPU.ActiveCfg = Debug|Any CPU
		{700161AD-5A39-416C-9AB6-3247FDC2721A}.Debug|Any CPU.Build.0 = Debug|Any CPU
		{700161AD-5A39-416C-9AB6-3247FDC2721A}.Release|Any CPU.ActiveCfg = Release|Any CPU
		{700161AD-5A39-416C-9AB6-3247FDC2721A}.Release|Any CPU.Build.0 = Release|Any CPU
	EndGlobalSection
	GlobalSection(SolutionProperties) = preSolution
		HideSolutionNode = FALSE
	EndGlobalSection
	GlobalSection(ExtensibilityGlobals) = postSolution
		SolutionGuid = {34AE4A11-83E7-48FC-8ABE-99058F1229EB}
	EndGlobalSection
EndGlobal
